
Microsoft Visual Studio Solution File, Format Version 12.00
# Visual Studio 14
VisualStudioVersion = 14.0.25420.1
MinimumVisualStudioVersion = 10.0.40219.1
Project("{FAE04EC0-301F-11D3-BF4B-00C04F79EFBC}") = "Simple3TierWPF", "Simple3TierWPF\Simple3TierWPF.csproj", "{CA33A69F-781E-4035-82F3-22D7FEDFC184}"
EndProject
Project("{FAE04EC0-301F-11D3-BF4B-00C04F79EFBC}") = "Simple3TierWCF", "Simple3TierWCF\Simple3TierWCF.csproj", "{9EDFA093-D134-4C27-ABCE-D59E06AB28CD}"
EndProject
Global
	GlobalSection(SolutionConfigurationPlatforms) = preSolution
		Debug|Any CPU = Debug|Any CPU
		Release|Any CPU = Release|Any CPU
	EndGlobalSection
	GlobalSection(ProjectConfigurationPlatforms) = postSolution
		{CA33A69F-781E-4035-82F3-22D7FEDFC184}.Debug|Any CPU.ActiveCfg = Debug|Any CPU
		{CA33A69F-781E-4035-82F3-22D7FEDFC184}.Debug|Any CPU.Build.0 = Debug|Any CPU
		{CA33A69F-781E-4035-82F3-22D7FEDFC184}.Release|Any CPU.ActiveCfg = Release|Any CPU
		{CA33A69F-781E-4035-82F3-22D7FEDFC184}.Release|Any CPU.Build.0 = Release|Any CPU
		{9EDFA093-D134-4C27-ABCE-D59E06AB28CD}.Debug|Any CPU.ActiveCfg = Debug|Any CPU
		{9EDFA093-D134-4C27-ABCE-D59E06AB28CD}.Debug|Any CPU.Build.0 = Debug|Any CPU
		{9EDFA093-D134-4C27-ABCE-D59E06AB28CD}.Release|Any CPU.ActiveCfg = Release|Any CPU
		{9EDFA093-D134-4C27-ABCE-D59E06AB28CD}.Release|Any CPU.Build.0 = Release|Any CPU
	EndGlobalSection
	GlobalSection(SolutionProperties) = preSolution
		HideSolutionNode = FALSE
	EndGlobalSection
EndGlobal
